
Microsoft Visual Studio Solution File, Format Version 12.00
# Visual Studio Version 17
VisualStudioVersion = 17.0.32014.148
MinimumVisualStudioVersion = 10.0.40219.1
Project("{8BC9CEB8-8B4A-11D0-8D11-00A0C91BC942}") = "Week 1", "Week 1\Week 1.vcxproj", "{A44F11C1-2507-498C-B86D-0AAC63FB3A75}"
EndProject
Project("{8BC9CEB8-8B4A-11D0-8D11-00A0C91BC942}") = "Week 2", "Week 2\Week 2.vcxproj", "{8819F8EF-CCF7-4633-A27B-5362C3D843F3}"
EndProject
Project("{8BC9CEB8-8B4A-11D0-8D11-00A0C91BC942}") = "Week 3", "Week 3\Week 3.vcxproj", "{E3E14D33-97C2-45AD-B211-875E2791D2A5}"
EndProject
Project("{8BC9CEB8-8B4A-11D0-8D11-00A0C91BC942}") = "Week 4", "Week 4\Week 4.vcxproj", "{77D39CCA-28C7-4E15-9FDF-88BC82A1AD6A}"
EndProject
Project("{8BC9CEB8-8B4A-11D0-8D11-00A0C91BC942}") = "Week 5 and 6", "Week 5 and 6\Week 5 and 6.vcxproj", "{4EAB8B81-37F4-438B-9221-D5E44FCBF31C}"
EndProject
Global
	GlobalSection(SolutionConfigurationPlatforms) = preSolution
		Debug|x64 = Debug|x64
		Debug|x86 = Debug|x86
		Release|x64 = Release|x64
		Release|x86 = Release|x86
	EndGlobalSection
	GlobalSection(ProjectConfigurationPlatforms) = postSolution
		{A44F11C1-2507-498C-B86D-0AAC63FB3A75}.Debug|x64.ActiveCfg = Debug|x64
		{A44F11C1-2507-498C-B86D-0AAC63FB3A75}.Debug|x64.Build.0 = Debug|x64
		{A44F11C1-2507-498C-B86D-0AAC63FB3A75}.Debug|x86.ActiveCfg = Debug|Win32
		{A44F11C1-2507-498C-B86D-0AAC63FB3A75}.Debug|x86.Build.0 = Debug|Win32
		{A44F11C1-2507-498C-B86D-0AAC63FB3A75}.Release|x64.ActiveCfg = Release|x64
		{A44F11C1-2507-498C-B86D-0AAC63FB3A75}.Release|x64.Build.0 = Release|x64
		{A44F11C1-2507-498C-B86D-0AAC63FB3A75}.Release|x86.ActiveCfg = Release|Win32
		{A44F11C1-2507-498C-B86D-0AAC63FB3A75}.Release|x86.Build.0 = Release|Win32
		{8819F8EF-CCF7-4633-A27B-5362C3D843F3}.Debug|x64.ActiveCfg = Debug|x64
		{8819F8EF-CCF7-4633-A27B-5362C3D843F3}.Debug|x64.Build.0 = Debug|x64
		{8819F8EF-CCF7-4633-A27B-5362C3D843F3}.Debug|x86.ActiveCfg = Debug|Win32
		{8819F8EF-CCF7-4633-A27B-5362C3D843F3}.Debug|x86.Build.0 = Debug|Win32
		{8819F8EF-CCF7-4633-A27B-5362C3D843F3}.Release|x64.ActiveCfg = Release|x64
		{8819F8EF-CCF7-4633-A27B-5362C3D843F3}.Release|x64.Build.0 = Release|x64
		{8819F8EF-CCF7-4633-A27B-5362C3D843F3}.Release|x86.ActiveCfg = Release|Win32
		{8819F8EF-CCF7-4633-A27B-5362C3D843F3}.Release|x86.Build.0 = Release|Win32
		{E3E14D33-97C2-45AD-B211-875E2791D2A5}.Debug|x64.ActiveCfg = Debug|x64
		{E3E14D33-97C2-45AD-B211-875E2791D2A5}.Debug|x64.Build.0 = Debug|x64
		{E3E14D33-97C2-45AD-B211-875E2791D2A5}.Debug|x86.ActiveCfg = Debug|Win32
		{E3E14D33-97C2-45AD-B211-875E2791D2A5}.Debug|x86.Build.0 = Debug|Win32
		{E3E14D33-97C2-45AD-B211-875E2791D2A5}.Release|x64.ActiveCfg = Release|x64
		{E3E14D33-97C2-45AD-B211-875E2791D2A5}.Release|x64.Build.0 = Release|x64
		{E3E14D33-97C2-45AD-B211-875E2791D2A5}.Release|x86.ActiveCfg = Release|Win32
		{E3E14D33-97C2-45AD-B211-875E2791D2A5}.Release|x86.Build.0 = Release|Win32
		{77D39CCA-28C7-4E15-9FDF-88BC82A1AD6A}.Debug|x64.ActiveCfg = Debug|x64
		{77D39CCA-28C7-4E15-9FDF-88BC82A1AD6A}.Debug|x64.Build.0 = Debug|x64
		{77D39CCA-28C7-4E15-9FDF-88BC82A1AD6A}.Debug|x86.ActiveCfg = Debug|Win32
		{77D39CCA-28C7-4E15-9FDF-88BC82A1AD6A}.Debug|x86.Build.0 = Debug|Win32
		{77D39CCA-28C7-4E15-9FDF-88BC82A1AD6A}.Release|x64.ActiveCfg = Release|x64
		{77D39CCA-28C7-4E15-9FDF-88BC82A1AD6A}.Release|x64.Build.0 = Release|x64
		{77D39CCA-28C7-4E15-9FDF-88BC82A1AD6A}.Release|x86.ActiveCfg = Release|Win32
		{77D39CCA-28C7-4E15-9FDF-88BC82A1AD6A}.Release|x86.Build.0 = Release|Win32
		{4EAB8B81-37F4-438B-9221-D5E44FCBF31C}.Debug|x64.ActiveCfg = Debug|x64
		{4EAB8B81-37F4-438B-9221-D5E44FCBF31C}.Debug|x64.Build.0 = Debug|x64
		{4EAB8B81-37F4-438B-9221-D5E44FCBF31C}.Debug|x86.ActiveCfg = Debug|Win32
		{4EAB8B81-37F4-438B-9221-D5E44FCBF31C}.Debug|x86.Build.0 = Debug|Win32
		{4EAB8B81-37F4-438B-9221-D5E44FCBF31C}.Release|x64.ActiveCfg = Release|x64
		{4EAB8B81-37F4-438B-9221-D5E44FCBF31C}.Release|x64.Build.0 = Release|x64
		{4EAB8B81-37F4-438B-9221-D5E44FCBF31C}.Release|x86.ActiveCfg = Release|Win32
		{4EAB8B81-37F4-438B-9221-D5E44FCBF31C}.Release|x86.Build.0 = Release|Win32
	EndGlobalSection
	GlobalSection(SolutionProperties) = preSolution
		HideSolutionNode = FALSE
	EndGlobalSection
	GlobalSection(ExtensibilityGlobals) = postSolution
		SolutionGuid = {6FE733EA-0DA1-4A2F-BB5B-4BF2A697800D}
	EndGlobalSection
EndGlobal
